
Microsoft Visual Studio Solution File, Format Version 12.00
# Visual Studio Version 17
VisualStudioVersion = 17.11.35222.181
MinimumVisualStudioVersion = 10.0.40219.1
Project("{FAE04EC0-301F-11D3-BF4B-00C04F79EFBC}") = "批量添加成员", "批量添加成员.csproj", "{9337A54E-8406-40AD-AC5C-A8A02A2EA23C}"
EndProject
Global
	GlobalSection(SolutionConfigurationPlatforms) = preSolution
		Debug|Any CPU = Debug|Any CPU
		Release|Any CPU = Release|Any CPU
	EndGlobalSection
	GlobalSection(ProjectConfigurationPlatforms) = postSolution
		{9337A54E-8406-40AD-AC5C-A8A02A2EA23C}.Debug|Any CPU.ActiveCfg = Debug|Any CPU
		{9337A54E-8406-40AD-AC5C-A8A02A2EA23C}.Debug|Any CPU.Build.0 = Debug|Any CPU
		{9337A54E-8406-40AD-AC5C-A8A02A2EA23C}.Release|Any CPU.ActiveCfg = Release|Any CPU
		{9337A54E-8406-40AD-AC5C-A8A02A2EA23C}.Release|Any CPU.Build.0 = Release|Any CPU
	EndGlobalSection
	GlobalSection(SolutionProperties) = preSolution
		HideSolutionNode = FALSE
	EndGlobalSection
	GlobalSection(ExtensibilityGlobals) = postSolution
		SolutionGuid = {E56A8103-5482-41C3-ABA1-88493EC0B4B2}
	EndGlobalSection
EndGlobal
